
Microsoft Visual Studio Solution File, Format Version 12.00
# Visual Studio Version 16
VisualStudioVersion = 16.0.30503.244
MinimumVisualStudioVersion = 10.0.40219.1
Project("{8BC9CEB8-8B4A-11D0-8D11-00A0C91BC942}") = "v1.0", "v1.0\v1.0.vcxproj", "{4E8411D8-4C7C-477C-91EF-D710E1A9124F}"
EndProject
Project("{54435603-DBB4-11D2-8724-00A0C9A8B90C}") = "Setup", "Setup\Setup.vdproj", "{9F36D3A4-0E8E-4D82-91E5-4CB6695AD531}"
EndProject
Global
	GlobalSection(SolutionConfigurationPlatforms) = preSolution
		Debug|x64 = Debug|x64
		Debug|x86 = Debug|x86
		Release|x64 = Release|x64
		Release|x86 = Release|x86
	EndGlobalSection
	GlobalSection(ProjectConfigurationPlatforms) = postSolution
		{4E8411D8-4C7C-477C-91EF-D710E1A9124F}.Debug|x64.ActiveCfg = Debug|x64
		{4E8411D8-4C7C-477C-91EF-D710E1A9124F}.Debug|x64.Build.0 = Debug|x64
		{4E8411D8-4C7C-477C-91EF-D710E1A9124F}.Debug|x86.ActiveCfg = Debug|Win32
		{4E8411D8-4C7C-477C-91EF-D710E1A9124F}.Debug|x86.Build.0 = Debug|Win32
		{4E8411D8-4C7C-477C-91EF-D710E1A9124F}.Release|x64.ActiveCfg = Release|x64
		{4E8411D8-4C7C-477C-91EF-D710E1A9124F}.Release|x64.Build.0 = Release|x64
		{4E8411D8-4C7C-477C-91EF-D710E1A9124F}.Release|x86.ActiveCfg = Release|Win32
		{4E8411D8-4C7C-477C-91EF-D710E1A9124F}.Release|x86.Build.0 = Release|Win32
		{9F36D3A4-0E8E-4D82-91E5-4CB6695AD531}.Debug|x64.ActiveCfg = Debug
		{9F36D3A4-0E8E-4D82-91E5-4CB6695AD531}.Debug|x86.ActiveCfg = Debug
		{9F36D3A4-0E8E-4D82-91E5-4CB6695AD531}.Release|x64.ActiveCfg = Release
		{9F36D3A4-0E8E-4D82-91E5-4CB6695AD531}.Release|x86.ActiveCfg = Release
	EndGlobalSection
	GlobalSection(SolutionProperties) = preSolution
		HideSolutionNode = FALSE
	EndGlobalSection
	GlobalSection(ExtensibilityGlobals) = postSolution
		SolutionGuid = {50B9CDA2-0E65-4829-87F1-529C42161A0F}
	EndGlobalSection
EndGlobal
